# This file is automatically @generated by Cargo.
# It is not intended for manual editing.
version = 3

[[package]]
name = "kreflect_common"
version = "0.1.0"

[[package]]
name = "kudo_derive"
version = "0.1.0"
dependencies = [
 "kreflect_common",
 "kudo_derive_impl",
]

[[package]]
name = "kudo_derive_impl"
version = "0.1.0"
dependencies = [
 "kreflect_common",
]
